
Microsoft Visual Studio Solution File, Format Version 12.00
# Visual Studio Version 16
VisualStudioVersion = 16.0.30621.155
MinimumVisualStudioVersion = 10.0.40219.1
Project("{9A19103F-16F7-4668-BE54-9A1E7A4F7556}") = "BookListRazor", "BookListRazor\BookListRazor.csproj", "{A40A9A78-CCDB-44C8-8F6E-A4326DBA4ADC}"
EndProject
Global
	GlobalSection(SolutionConfigurationPlatforms) = preSolution
		Debug|Any CPU = Debug|Any CPU
		Release|Any CPU = Release|Any CPU
	EndGlobalSection
	GlobalSection(ProjectConfigurationPlatforms) = postSolution
		{A40A9A78-CCDB-44C8-8F6E-A4326DBA4ADC}.Debug|Any CPU.ActiveCfg = Debug|Any CPU
		{A40A9A78-CCDB-44C8-8F6E-A4326DBA4ADC}.Debug|Any CPU.Build.0 = Debug|Any CPU
		{A40A9A78-CCDB-44C8-8F6E-A4326DBA4ADC}.Release|Any CPU.ActiveCfg = Release|Any CPU
		{A40A9A78-CCDB-44C8-8F6E-A4326DBA4ADC}.Release|Any CPU.Build.0 = Release|Any CPU
	EndGlobalSection
	GlobalSection(SolutionProperties) = preSolution
		HideSolutionNode = FALSE
	EndGlobalSection
	GlobalSection(ExtensibilityGlobals) = postSolution
		SolutionGuid = {4068856B-7A93-4E49-9657-6615FA40BA27}
	EndGlobalSection
EndGlobal
